<?xml version="1.0" encoding="utf-8"?>
<Project ToolsVersion="4.0" xmlns="http://schemas.microsoft.com/developer/msbuild/2003">
  <ItemGroup>
    <ClCompile Include="ShaderToy_BDF.cpp" />
  </ItemGroup>
  <ItemGroup>
    <ClInclude Include="ShaderToy_BDF.h" />
  </ItemGroup>
  <ItemGroup>
    <ShaderSource Include="BDF.ps.slang" />
  </ItemGroup>
  <ItemGroup>
    <None Include="glsl_to_hlsl.slang" />
    <None Include="SegmentTracing.slang" />
    <None Include="common.slang" />
    <None Include="bdf_primitives.slang" />
    <None Include="sdf_primitives.slang" />
    <None Include="defines.slang" />
  </ItemGroup>
</Project>